
Microsoft Visual Studio Solution File, Format Version 12.00
# Visual Studio 2013
VisualStudioVersion = 12.0.30501.0
MinimumVisualStudioVersion = 10.0.40219.1
Project("{FAE04EC0-301F-11D3-BF4B-00C04F79EFBC}") = "JsClient", "JsClient\JsClient.csproj", "{A5CBE12E-AC6B-42A2-9388-858B0F804E43}"
EndProject
Project("{2150E333-8FDC-42A3-9474-1A3956D46DE8}") = ".nuget", ".nuget", "{43F2B368-3B8C-4C4B-A7EB-FE6A57F59A89}"
	ProjectSection(SolutionItems) = preProject
		.nuget\NuGet.Config = .nuget\NuGet.Config
		.nuget\NuGet.exe = .nuget\NuGet.exe
		.nuget\NuGet.targets = .nuget\NuGet.targets
	EndProjectSection
EndProject
Project("{FAE04EC0-301F-11D3-BF4B-00C04F79EFBC}") = "SignalREngineServiceWindowsService", "SignalREngineServiceWindowsService\SignalREngineServiceWindowsService.csproj", "{4D58E19F-AB7B-42DF-8D9E-07C09B1C2602}"
EndProject
Project("{FAE04EC0-301F-11D3-BF4B-00C04F79EFBC}") = "SignalRClientWPF", "SignalRClientWPF\SignalRClientWPF\SignalRClientWPF.csproj", "{F832725E-A4F4-4C61-BE86-F80A94451C93}"
EndProject
Project("{FAE04EC0-301F-11D3-BF4B-00C04F79EFBC}") = "SignalREngine", "SignalREngine\SignalREngine.csproj", "{A2F2730E-492C-47DF-843E-7F3AFF9D544F}"
EndProject
Project("{FAE04EC0-301F-11D3-BF4B-00C04F79EFBC}") = "Mvc5Client", "Mvc5Client\Mvc5Client.csproj", "{2B15E66A-E5AB-41FD-98C4-2682444968A3}"
EndProject
Global
	GlobalSection(SolutionConfigurationPlatforms) = preSolution
		Debug|Any CPU = Debug|Any CPU
		Debug|x86 = Debug|x86
		Release|Any CPU = Release|Any CPU
		Release|x86 = Release|x86
	EndGlobalSection
	GlobalSection(ProjectConfigurationPlatforms) = postSolution
		{A5CBE12E-AC6B-42A2-9388-858B0F804E43}.Debug|Any CPU.ActiveCfg = Debug|Any CPU
		{A5CBE12E-AC6B-42A2-9388-858B0F804E43}.Debug|Any CPU.Build.0 = Debug|Any CPU
		{A5CBE12E-AC6B-42A2-9388-858B0F804E43}.Debug|x86.ActiveCfg = Debug|Any CPU
		{A5CBE12E-AC6B-42A2-9388-858B0F804E43}.Release|Any CPU.ActiveCfg = Release|Any CPU
		{A5CBE12E-AC6B-42A2-9388-858B0F804E43}.Release|Any CPU.Build.0 = Release|Any CPU
		{A5CBE12E-AC6B-42A2-9388-858B0F804E43}.Release|x86.ActiveCfg = Release|Any CPU
		{4D58E19F-AB7B-42DF-8D9E-07C09B1C2602}.Debug|Any CPU.ActiveCfg = Debug|Any CPU
		{4D58E19F-AB7B-42DF-8D9E-07C09B1C2602}.Debug|Any CPU.Build.0 = Debug|Any CPU
		{4D58E19F-AB7B-42DF-8D9E-07C09B1C2602}.Debug|x86.ActiveCfg = Debug|x86
		{4D58E19F-AB7B-42DF-8D9E-07C09B1C2602}.Debug|x86.Build.0 = Debug|x86
		{4D58E19F-AB7B-42DF-8D9E-07C09B1C2602}.Release|Any CPU.ActiveCfg = Release|Any CPU
		{4D58E19F-AB7B-42DF-8D9E-07C09B1C2602}.Release|Any CPU.Build.0 = Release|Any CPU
		{4D58E19F-AB7B-42DF-8D9E-07C09B1C2602}.Release|x86.ActiveCfg = Release|x86
		{4D58E19F-AB7B-42DF-8D9E-07C09B1C2602}.Release|x86.Build.0 = Release|x86
		{F832725E-A4F4-4C61-BE86-F80A94451C93}.Debug|Any CPU.ActiveCfg = Debug|Any CPU
		{F832725E-A4F4-4C61-BE86-F80A94451C93}.Debug|Any CPU.Build.0 = Debug|Any CPU
		{F832725E-A4F4-4C61-BE86-F80A94451C93}.Debug|x86.ActiveCfg = Debug|Any CPU
		{F832725E-A4F4-4C61-BE86-F80A94451C93}.Release|Any CPU.ActiveCfg = Release|Any CPU
		{F832725E-A4F4-4C61-BE86-F80A94451C93}.Release|Any CPU.Build.0 = Release|Any CPU
		{F832725E-A4F4-4C61-BE86-F80A94451C93}.Release|x86.ActiveCfg = Release|Any CPU
		{A2F2730E-492C-47DF-843E-7F3AFF9D544F}.Debug|Any CPU.ActiveCfg = Debug|Any CPU
		{A2F2730E-492C-47DF-843E-7F3AFF9D544F}.Debug|Any CPU.Build.0 = Debug|Any CPU
		{A2F2730E-492C-47DF-843E-7F3AFF9D544F}.Debug|x86.ActiveCfg = Debug|x86
		{A2F2730E-492C-47DF-843E-7F3AFF9D544F}.Debug|x86.Build.0 = Debug|x86
		{A2F2730E-492C-47DF-843E-7F3AFF9D544F}.Release|Any CPU.ActiveCfg = Release|Any CPU
		{A2F2730E-492C-47DF-843E-7F3AFF9D544F}.Release|Any CPU.Build.0 = Release|Any CPU
		{A2F2730E-492C-47DF-843E-7F3AFF9D544F}.Release|x86.ActiveCfg = Release|x86
		{A2F2730E-492C-47DF-843E-7F3AFF9D544F}.Release|x86.Build.0 = Release|x86
		{2B15E66A-E5AB-41FD-98C4-2682444968A3}.Debug|Any CPU.ActiveCfg = Debug|Any CPU
		{2B15E66A-E5AB-41FD-98C4-2682444968A3}.Debug|Any CPU.Build.0 = Debug|Any CPU
		{2B15E66A-E5AB-41FD-98C4-2682444968A3}.Debug|x86.ActiveCfg = Debug|Any CPU
		{2B15E66A-E5AB-41FD-98C4-2682444968A3}.Release|Any CPU.ActiveCfg = Release|Any CPU
		{2B15E66A-E5AB-41FD-98C4-2682444968A3}.Release|Any CPU.Build.0 = Release|Any CPU
		{2B15E66A-E5AB-41FD-98C4-2682444968A3}.Release|x86.ActiveCfg = Release|Any CPU
	EndGlobalSection
	GlobalSection(SolutionProperties) = preSolution
		HideSolutionNode = FALSE
	EndGlobalSection
EndGlobal
